# THIS IS AN AUTOGENERATED FILE. DO NOT EDIT THIS FILE DIRECTLY.
# yarn lockfile v1


"accepts@^1.2.2":
  "integrity" "sha512-Il80Qs2WjYlJIBNzNkK6KYqlVMTbZLXgHx2oT0pU/fjRHyEp+PEfEPY0R3WCwAGVOtauxh1hOxNgIf5bv7dQpA=="
  "resolved" "https://registry.npmjs.org/accepts/-/accepts-1.3.7.tgz"
  "version" "1.3.7"
  dependencies:
    "mime-types" "~2.1.24"
    "negotiator" "0.6.2"

"align-text@^0.1.1", "align-text@^0.1.3":
  "integrity" "sha1-DNkKVhCT810KmSVsIrcGlDP60Rc= sha512-GrTZLRpmp6wIC2ztrWW9MjjTgSKccffgFagbNDOX95/dcjEcYZibYTeaOntySQLcdw1ztBoFkviiUvTMbb9MYg=="
  "resolved" "https://registry.npmjs.org/align-text/-/align-text-0.1.4.tgz"
  "version" "0.1.4"
  dependencies:
    "kind-of" "^3.0.2"
    "longest" "^1.0.1"
    "repeat-string" "^1.5.2"

"any-promise@^1.0.0", "any-promise@^1.1.0":
  "integrity" "sha1-q8av7tzqUugJzcA3au0845Y10X8= sha512-7UvmKalWRt1wgjL1RrGxoSJW/0QZFIegpeGvZG9kjp8vrRu55XTHbwnqq2GpXm9uLbcuhxm3IqX9OB4MZR1b2A=="
  "resolved" "https://registry.npmjs.org/any-promise/-/any-promise-1.3.0.tgz"
  "version" "1.3.0"

"async@~0.2.6":
  "integrity" "sha1-trvgsGdLnXGXCMo43owjfLUmw9E= sha512-eAkdoKxU6/LkKDBzLpT+t6Ff5EtfSF4wx1WfJiPEEV7WNLnDaRXk0oVysiEPm262roaachGexwUv94WhSgN5TQ=="
  "resolved" "https://registry.npmjs.org/async/-/async-0.2.10.tgz"
  "version" "0.2.10"

"bluebird@^2.3.2":
  "integrity" "sha1-U0uQM8AiyVecVro7Plpcqvu2UOE= sha512-UfFSr22dmHPQqPP9XWHRhq+gWnHCYguQGkXQlbyPtW5qTnhFWA8/iXg765tH0cAjy7l/zPJ1aBTO0g5XgA7kvQ=="
  "resolved" "https://registry.npmjs.org/bluebird/-/bluebird-2.11.0.tgz"
  "version" "2.11.0"

"bytes@1.0.0":
  "integrity" "sha1-NWnt6Lo0MV+rmcPpLLBMciDeH6g= sha512-/x68VkHLeTl3/Ll8IvxdwzhrT+IyKc52e/oyHhA2RwqPqswSnjVbSddfPRwAsJtbilMAPSRWwAlpxdYsSWOTKQ=="
  "resolved" "https://registry.npmjs.org/bytes/-/bytes-1.0.0.tgz"
  "version" "1.0.0"

"call-bind@^1.0.0":
  "integrity" "sha512-7O+FbCihrB5WGbFYesctwmTKae6rOiIzmz1icreWJ+0aA7LJfuqhEso2T9ncpcFtzMQtzXf2QGGueWJGTYsqrA=="
  "resolved" "https://registry.npmjs.org/call-bind/-/call-bind-1.0.2.tgz"
  "version" "1.0.2"
  dependencies:
    "function-bind" "^1.1.1"
    "get-intrinsic" "^1.0.2"

"camelcase@^1.0.2":
  "integrity" "sha1-m7UwTS4LVmmLLHWLCKPqqdqlijk= sha512-wzLkDa4K/mzI1OSITC+DUyjgIl/ETNHE9QvYgy6J6Jvqyyz4C0Xfd+lQhb19sX2jMpZV4IssUn0VDVmglV+s4g=="
  "resolved" "https://registry.npmjs.org/camelcase/-/camelcase-1.2.1.tgz"
  "version" "1.2.1"

"center-align@^0.1.1":
  "integrity" "sha1-qg0yYptu6XIgBBHL1EYckHvCt60= sha512-Baz3aNe2gd2LP2qk5U+sDk/m4oSuwSDcBfayTCTBoWpfIGO5XFxPmjILQII4NGiZjD6DoDI6kf7gKaxkf7s3VQ=="
  "resolved" "https://registry.npmjs.org/center-align/-/center-align-0.1.3.tgz"
  "version" "0.1.3"
  dependencies:
    "align-text" "^0.1.3"
    "lazy-cache" "^1.0.3"

"cliui@^2.1.0":
  "integrity" "sha1-S0dXYP+AJkx2LDoXGQMukcf+oNE= sha512-GIOYRizG+TGoc7Wgc1LiOTLare95R3mzKgoln+Q/lE4ceiYH19gUpl0l0Ffq4lJDEf3FxujMe6IBfOCs7pfqNA=="
  "resolved" "https://registry.npmjs.org/cliui/-/cliui-2.1.0.tgz"
  "version" "2.1.0"
  dependencies:
    "center-align" "^0.1.1"
    "right-align" "^0.1.1"
    "wordwrap" "0.0.2"

"co-body@^1.0.0":
  "integrity" "sha1-KgGzt7nApcD6svbm5GQs+HjgcKs= sha512-ojskDfHZ+7yNAMi/Cpd3/m2tvmhXOwzjUjnc3PSbbESyS/pbKCOBlhvvMkNRra4Cp7r3dvIXeLHGKO5S8Dhj0A=="
  "resolved" "https://registry.npmjs.org/co-body/-/co-body-1.2.0.tgz"
  "version" "1.2.0"
  dependencies:
    "qs" "~2.3.3"
    "raw-body" "~1.3.3"

"co@^4.0.2", "co@^4.4.0", "co@^4.6.0":
  "integrity" "sha1-bqa989hTrlTMuOR7+gvz+QMfsYQ= sha512-QVb0dM5HvG+uaxitm8wONl7jltx8dqhfU33DcqtOZcLSVIKSDDLDi7+0LbAKiyI8hD9u42m2YxXSkMGWThaecQ=="
  "resolved" "https://registry.npmjs.org/co/-/co-4.6.0.tgz"
  "version" "4.6.0"

"composition@^2.1.1":
  "integrity" "sha1-dCgFN0yrVQxSCjNmL1pzLgII1vI= sha512-b2wTferUuej6qDfrwPnM6KNd6MHSA1q0/aatvJhUmH2/kUM5wsn4t8sc5vj0NECwsLbAM+H4WitN4d2uL0pIRg=="
  "resolved" "https://registry.npmjs.org/composition/-/composition-2.3.0.tgz"
  "version" "2.3.0"
  dependencies:
    "any-promise" "^1.1.0"
    "co" "^4.0.2"

"content-disposition@~0.5.0":
  "integrity" "sha512-ExO0774ikEObIAEV9kDo50o+79VCUdEB6n6lzKgGwupcVeRlhrj3qGAfwq8G6uBJjkqLrhT0qEYFcWng8z1z0g=="
  "resolved" "https://registry.npmjs.org/content-disposition/-/content-disposition-0.5.3.tgz"
  "version" "0.5.3"
  dependencies:
    "safe-buffer" "5.1.2"

"content-type@^1.0.0":
  "integrity" "sha512-hIP3EEPs8tB9AT1L+NUqtwOAps4mk2Zob89MWXMHjHWg9milF/j4osnnQLXBCBFBk/tvIG/tUc9mOUJiPBhPXA=="
  "resolved" "https://registry.npmjs.org/content-type/-/content-type-1.0.4.tgz"
  "version" "1.0.4"

"cookies@~0.8.0":
  "integrity" "sha512-8aPsApQfebXnuI+537McwYsDtjVxGm8gTIzQI3FDW6t5t/DAhERxtnbEPN/8RX+uZthoz4eCOgloXaE5cYyNow=="
  "resolved" "https://registry.npmjs.org/cookies/-/cookies-0.8.0.tgz"
  "version" "0.8.0"
  dependencies:
    "depd" "~2.0.0"
    "keygrip" "~1.1.0"

"core-util-is@~1.0.0":
  "integrity" "sha1-tf1UIgqivFq1eqtxQMlAdUUDwac= sha512-3lqz5YjWTYnW6dlDa5TLaTCcShfar1e40rmcJVwCBJC6mWlFuj0eCHIElmG1g5kyuJ/GD+8Wn4FFCcz4gJPfaQ=="
  "resolved" "https://registry.npmjs.org/core-util-is/-/core-util-is-1.0.2.tgz"
  "version" "1.0.2"

"debug@^2.2.0", "debug@^2.6.9", "debug@^2.x":
  "integrity" "sha512-bC7ElrdJaJnPbAP+1EotYvqZsb3ecl5wi6Bfi6BJTUcNowp6cvspg0jXznRTKDjm/E7AdgFBVeAPVMNcKGsHMA=="
  "resolved" "https://registry.npmjs.org/debug/-/debug-2.6.9.tgz"
  "version" "2.6.9"
  dependencies:
    "ms" "2.0.0"

"decamelize@^1.0.0":
  "integrity" "sha1-9lNNFRSCabIDUue+4m9QH5oZEpA= sha512-z2S+W9X73hAUUki+N+9Za2lBlun89zigOyGrsax+KUQ6wKW4ZoWpEYBkGhQjwAjjDCkWxhY0VKEhk8wzY7F5cA=="
  "resolved" "https://registry.npmjs.org/decamelize/-/decamelize-1.2.0.tgz"
  "version" "1.2.0"

"deep-equal@~1.0.1":
  "integrity" "sha1-9dJgKStmDghO/0zbyfCK0yR0SLU= sha512-bHtC0iYvWhyaTzvV3CZgPeZQqCOBGyGsVV7v4eevpdkLHfiSrXUdBG+qAuSz4RI70sszvjQ1QSZ98An1yNwpSw=="
  "resolved" "https://registry.npmjs.org/deep-equal/-/deep-equal-1.0.1.tgz"
  "version" "1.0.1"

"delegates@^1.0.0":
  "integrity" "sha1-hMbhWbgZBP3KWaDvRM2HDTElD5o= sha512-bd2L678uiWATM6m5Z1VzNCErI3jiGzt6HGY8OVICs40JQq/HALfbyNJmp0UDakEY4pMMaN0Ly5om/B1VI/+xfQ=="
  "resolved" "https://registry.npmjs.org/delegates/-/delegates-1.0.0.tgz"
  "version" "1.0.0"

"depd@~1.1.2":
  "integrity" "sha1-m81S4UwJd2PnSbJ0xDRu0uVgtak= sha512-7emPTl6Dpo6JRXOXjLRxck+FlLRX5847cLKEn00PLAgc3g2hTZZgr+e4c2v6QpSmLeFP3n5yUo7ft6avBK/5jQ=="
  "resolved" "https://registry.npmjs.org/depd/-/depd-1.1.2.tgz"
  "version" "1.1.2"

"depd@~2.0.0":
  "integrity" "sha512-g7nH6P6dyDioJogAAGprGpCtVImJhpPk/roCzdb3fIh61/s/nPsfR6onyMwkCAR/OlC3yBC0lESvUoQEAssIrw=="
  "resolved" "https://registry.npmjs.org/depd/-/depd-2.0.0.tgz"
  "version" "2.0.0"

"destroy@^1.0.3":
  "integrity" "sha1-l4hXRCxEdJ5CBmE+N5RiBYJqvYA= sha512-3NdhDuEXnfun/z7x9GOElY49LoqVHoGScmOKwmxhsS8N5Y+Z8KyPPDnaSzqWgYt/ji4mqwfTS34Htrk0zPIXVg=="
  "resolved" "https://registry.npmjs.org/destroy/-/destroy-1.0.4.tgz"
  "version" "1.0.4"

"dotenv@^16.0.3":
  "integrity" "sha512-7GO6HghkA5fYG9TYnNxi14/7K9f5occMlp3zXAuSxn7CKCxt9xbNWG7yF8hTCSUchlfWSe3uLmlPfigevRItzQ=="
  "resolved" "https://registry.npmjs.org/dotenv/-/dotenv-16.0.3.tgz"
  "version" "16.0.3"

"ee-first@1.1.1":
  "integrity" "sha1-WQxhFWsK4vTwJVcyoViyZrxWsh0= sha512-WMwm9LhRUo+WUaRN+vRuETqG89IgZphVSNkdFgeb6sS/E4OrDIN7t48CAewSHXc6C8lefD8KKfr5vY61brQlow=="
  "resolved" "https://registry.npmjs.org/ee-first/-/ee-first-1.1.1.tgz"
  "version" "1.1.1"

"error-inject@~1.0.0":
  "integrity" "sha1-4rPZG1Su1nLzCdlQ0VSFD6EdTzc= sha512-JM8N6PytDbmIYm1IhPWlo8vr3NtfjhDY/1MhD/a5b/aad/USE8a0+NsqE9d5n+GVGmuNkPQWm4bFQWv18d8tMg=="
  "resolved" "https://registry.npmjs.org/error-inject/-/error-inject-1.0.0.tgz"
  "version" "1.0.0"

"escape-html@~1.0.1":
  "integrity" "sha1-Aljq5NPQwJdN4cFpGI7wBR0dGYg= sha512-NiSupZ4OeuGwr68lGIeym/ksIZMJodUGOSCZ/FSnTxcrekbvqrgdUxlJOMpijaKZVjAJrWrGs/6Jy8OMuyj9ow=="
  "resolved" "https://registry.npmjs.org/escape-html/-/escape-html-1.0.3.tgz"
  "version" "1.0.3"

"fresh@^0.5.2":
  "integrity" "sha1-PYyt2Q2XZWn6g1qx+OSyOhBWBac= sha512-zJ2mQYM18rEFOudeV4GShTGIQ7RbzA7ozbU9I/XBpm7kqgMywgmylMwXHxZJmkVoYkna9d2pVXVXPdYTP9ej8Q=="
  "resolved" "https://registry.npmjs.org/fresh/-/fresh-0.5.2.tgz"
  "version" "0.5.2"

"function-bind@^1.1.1":
  "integrity" "sha512-yIovAzMX49sF8Yl58fSCWJ5svSLuaibPxXQJFLmBObTuCr0Mf1KiPopGM9NiFjiYBCbfaa2Fh6breQ6ANVTI0A=="
  "resolved" "https://registry.npmjs.org/function-bind/-/function-bind-1.1.1.tgz"
  "version" "1.1.1"

"get-intrinsic@^1.0.2":
  "integrity" "sha512-kWZrnVM42QCiEA2Ig1bG8zjoIMOgxWwYCEeNdwY6Tv/cOSeGpcoX4pXHfKUxNKVoArnrEr2e9srnAxxGIraS9Q=="
  "resolved" "https://registry.npmjs.org/get-intrinsic/-/get-intrinsic-1.1.1.tgz"
  "version" "1.1.1"
  dependencies:
    "function-bind" "^1.1.1"
    "has" "^1.0.3"
    "has-symbols" "^1.0.1"

"has-symbols@^1.0.1":
  "integrity" "sha512-chXa79rL/UC2KlX17jo3vRGz0azaWEx5tGqZg5pO3NUyEJVB17dMruQlzCCOfUvElghKcm5194+BCRvi2Rv/Gw=="
  "resolved" "https://registry.npmjs.org/has-symbols/-/has-symbols-1.0.2.tgz"
  "version" "1.0.2"

"has@^1.0.3":
  "integrity" "sha512-f2dvO0VU6Oej7RkWJGrehjbzMAjFp5/VKPp5tTpWIV4JHHZK1/BxbFRtf/siA2SWTe09caDmVtYYzWEIbBS4zw=="
  "resolved" "https://registry.npmjs.org/has/-/has-1.0.3.tgz"
  "version" "1.0.3"
  dependencies:
    "function-bind" "^1.1.1"

"http-assert@^1.1.0":
  "integrity" "sha512-rdw7q6GTlibqVVbXr0CKelfV5iY8G2HqEUkhSk297BMbSpSL8crXC+9rjKoMcZZEsksX30le6f/4ul4E28gegw=="
  "resolved" "https://registry.npmjs.org/http-assert/-/http-assert-1.4.1.tgz"
  "version" "1.4.1"
  dependencies:
    "deep-equal" "~1.0.1"
    "http-errors" "~1.7.2"

"http-errors@^1.2.8", "http-errors@^1.3.1", "http-errors@~1.7.2":
  "integrity" "sha512-ZTTX0MWrsQ2ZAhA1cejAwDLycFsd7I7nVtnkT3Ol0aqodaKW+0CTZDQ1uBv5whptCnc8e8HeRRJxRs0kmm/Qfw=="
  "resolved" "https://registry.npmjs.org/http-errors/-/http-errors-1.7.3.tgz"
  "version" "1.7.3"
  dependencies:
    "depd" "~1.1.2"
    "inherits" "2.0.4"
    "setprototypeof" "1.1.1"
    "statuses" ">= 1.5.0 < 2"
    "toidentifier" "1.0.0"

"iconv-lite@0.4.8":
  "integrity" "sha1-xgGadZXyzvynAuq2lKAQvNkpjSA= sha512-D90rbOiZuEJGtmIBK9wcRpW//ZKLD8bTPOAx5oEsu+O+HhSOstX/HCZFBvNkuyDuiNHunb81cfsqaYzZxcUMYA=="
  "resolved" "https://registry.npmjs.org/iconv-lite/-/iconv-lite-0.4.8.tgz"
  "version" "0.4.8"

"inherits@~2.0.1", "inherits@2.0.4":
  "integrity" "sha512-k/vGaX4/Yla3WzyMCvTQOXYeIHvqOKtnqBduzTHpzpQZzAskKMhZ2K+EnBiSM9zGSoIFeMpXKxa4dYeZIQqewQ=="
  "resolved" "https://registry.npmjs.org/inherits/-/inherits-2.0.4.tgz"
  "version" "2.0.4"

"is-buffer@^1.1.5":
  "integrity" "sha512-NcdALwpXkTm5Zvvbk7owOUSvVvBKDgKP5/ewfXEznmQFfs4ZRmanOeKBTjRVjka3QFoN6XJ+9F3USqfHqTaU5w=="
  "resolved" "https://registry.npmjs.org/is-buffer/-/is-buffer-1.1.6.tgz"
  "version" "1.1.6"

"isarray@0.0.1":
  "integrity" "sha1-ihis/Kmo9Bd+Cav8YDiTmwXR7t8= sha512-D2S+3GLxWH+uhrNEcoh/fnmYeP8E8/zHl644d/jdA0g2uyXvy3sb0qxotE+ne0LtccHknQzWwZEzhak7oJ0COQ=="
  "resolved" "https://registry.npmjs.org/isarray/-/isarray-0.0.1.tgz"
  "version" "0.0.1"

"keygrip@~1.1.0":
  "integrity" "sha512-iYSchDJ+liQ8iwbSI2QqsQOvqv58eJCEanyJPJi+Khyu8smkcKSFUCbPwzFcL7YVtZ6eONjqRX/38caJ7QjRAQ=="
  "resolved" "https://registry.npmjs.org/keygrip/-/keygrip-1.1.0.tgz"
  "version" "1.1.0"
  dependencies:
    "tsscmp" "1.0.6"

"kind-of@^3.0.2":
  "integrity" "sha1-MeohpzS6ubuw8yRm2JOupR5KPGQ= sha512-NOW9QQXMoZGg/oqnVNoNTTIFEIid1627WCffUBJEdMxYApq7mNE7CpzucIPc+ZQg25Phej7IJSmX3hO+oblOtQ=="
  "resolved" "https://registry.npmjs.org/kind-of/-/kind-of-3.2.2.tgz"
  "version" "3.2.2"
  dependencies:
    "is-buffer" "^1.1.5"

"koa-buddy@^0.1.0":
  "integrity" "sha1-4s0vizDJeI7712WlkwWuGoCwTT8= sha512-KajBPe6hTLAjzOCWHGY3iujBwpiPYXgAXn94zMqjhOyi9VqyL7Gli2bRARWuDe/SXfKYnmziydNzHqUeXlJOfg=="
  "resolved" "https://registry.npmjs.org/koa-buddy/-/koa-buddy-0.1.0.tgz"
  "version" "0.1.0"
  dependencies:
    "bluebird" "^2.3.2"
    "co-body" "^1.0.0"
    "multiparty" "^3.3.2"
    "xml-parser" "^1.0.0"

"koa-compose@^2.3.0":
  "integrity" "sha1-cmz7F2lN5cufvwPArfFyMD+D8VY= sha512-bOGNe+7ZqVVCnGNej7qP8uJ+6ugiGLgpYgVnoj6KJAR8+rH0WzktzBXrRk/eHWisEYUa9I8ess0ROiVDfFXIOw=="
  "resolved" "https://registry.npmjs.org/koa-compose/-/koa-compose-2.5.1.tgz"
  "version" "2.5.1"

"koa-is-json@^1.0.0":
  "integrity" "sha1-JzwH7c3Ljfaiwat9We52SRRR7BQ= sha512-+97CtHAlWDx0ndt0J8y3P12EWLwTLMXIfMnYDev3wOTwH/RpBGMlfn4bDXlMEg1u73K6XRE9BbUp+5ZAYoRYWw=="
  "resolved" "https://registry.npmjs.org/koa-is-json/-/koa-is-json-1.0.0.tgz"
  "version" "1.0.0"

"koa-router@^5.1.2":
  "integrity" "sha1-Tb26fnFZU9VobAO3w/29IUYx+HA= sha512-m5iOZItudeKwAxeV+hdkMJHz8o2VMfO7ELfsXsFwPrWlDCu+/2FcdrL/fSyFVWw+EPEntDM3ZjIBj5ofpYMpjQ=="
  "resolved" "https://registry.npmjs.org/koa-router/-/koa-router-5.4.2.tgz"
  "version" "5.4.2"
  dependencies:
    "co" "^4.6.0"
    "debug" "^2.2.0"
    "http-errors" "^1.3.1"
    "methods" "^1.0.1"
    "path-to-regexp" "^1.1.1"

"koa-swig@^2.0.0":
  "integrity" "sha1-DMMMWB+qeo8MHltSQvs70EqJWWk= sha512-JXEh1zsfKmu7IGrysfdX6vwlJcCehPRFMqku+KjbDRM1SGN/9dsOJhIe9iCdtEjuhA5JsS8Ya3wrlnGAqFlERw=="
  "resolved" "https://registry.npmjs.org/koa-swig/-/koa-swig-2.2.1.tgz"
  "version" "2.2.1"
  dependencies:
    "debug" "^2.x"
    "swig-templates" "^2.0.2"
    "thenify" "^3.1.0"
    "utils-merge" "^1.0.0"

"koa@^1.0.0":
  "integrity" "sha512-bgKsbYjJac0E8O6ya+m6KosXXUigJ15N4XFCnCA0P/kNViu9OnMLv5WcnEeQ5q1SeuKqlqcf0WiroZQBiPHp8Q=="
  "resolved" "https://registry.npmjs.org/koa/-/koa-1.7.0.tgz"
  "version" "1.7.0"
  dependencies:
    "accepts" "^1.2.2"
    "co" "^4.4.0"
    "composition" "^2.1.1"
    "content-disposition" "~0.5.0"
    "content-type" "^1.0.0"
    "cookies" "~0.8.0"
    "debug" "^2.6.9"
    "delegates" "^1.0.0"
    "destroy" "^1.0.3"
    "error-inject" "~1.0.0"
    "escape-html" "~1.0.1"
    "fresh" "^0.5.2"
    "http-assert" "^1.1.0"
    "http-errors" "^1.2.8"
    "koa-compose" "^2.3.0"
    "koa-is-json" "^1.0.0"
    "mime-types" "^2.0.7"
    "on-finished" "^2.1.0"
    "only" "0.0.2"
    "parseurl" "^1.3.0"
    "statuses" "^1.2.0"
    "type-is" "^1.5.5"
    "vary" "^1.0.0"

"lazy-cache@^1.0.3":
  "integrity" "sha1-odePw6UEdMuAhF07O24dpJpEbo4= sha512-RE2g0b5VGZsOCFOCgP7omTRYFqydmZkBwl5oNnQ1lDYC57uyO9KqNnNVxT7COSHTxrRCWVcAVOcbjk+tvh/rgQ=="
  "resolved" "https://registry.npmjs.org/lazy-cache/-/lazy-cache-1.0.4.tgz"
  "version" "1.0.4"

"longest@^1.0.1":
  "integrity" "sha1-MKCy2jj3N3DoKUoNIuZiXtd9AJc= sha512-k+yt5n3l48JU4k8ftnKG6V7u32wyH2NfKzeMto9F/QRE0amxy/LayxwlvjjkZEIzqR+19IrtFO8p5kB9QaYUFg=="
  "resolved" "https://registry.npmjs.org/longest/-/longest-1.0.1.tgz"
  "version" "1.0.1"

"media-typer@0.3.0":
  "integrity" "sha1-hxDXrwqmJvj/+hzgAWhUUmMlV0g= sha512-dq+qelQ9akHpcOl/gUVRTxVIOkAJ1wR3QAvb4RsVjS8oVoFjDGTc679wJYmUmknUF5HwMLOgb5O+a3KxfWapPQ=="
  "resolved" "https://registry.npmjs.org/media-typer/-/media-typer-0.3.0.tgz"
  "version" "0.3.0"

"methods@^1.0.1":
  "integrity" "sha1-VSmk1nZUE07cxSZmVoNbD4Ua/O4= sha512-iclAHeNqNm68zFtnZ0e+1L2yUIdvzNoauKU4WBA3VvH/vPFieF7qfRlwUZU+DA9P9bPXIS90ulxoUoCH23sV2w=="
  "resolved" "https://registry.npmjs.org/methods/-/methods-1.1.2.tgz"
  "version" "1.1.2"

"mime-db@1.44.0":
  "integrity" "sha512-/NOTfLrsPBVeH7YtFPgsVWveuL+4SjjYxaQ1xtM1KMFj7HdxlBlxeyNLzhyJVx7r4rZGJAZ/6lkKCitSc/Nmpg=="
  "resolved" "https://registry.npmjs.org/mime-db/-/mime-db-1.44.0.tgz"
  "version" "1.44.0"

"mime-types@^2.0.7", "mime-types@~2.1.24":
  "integrity" "sha512-JIhqnCasI9yD+SsmkquHBxTSEuZdQX5BuQnS2Vc7puQQQ+8yiP5AY5uWhpdv4YL4VM5c6iliiYWPgJ/nJQLp7w=="
  "resolved" "https://registry.npmjs.org/mime-types/-/mime-types-2.1.27.tgz"
  "version" "2.1.27"
  dependencies:
    "mime-db" "1.44.0"

"minimist@^1.2.6":
  "integrity" "sha512-Jsjnk4bw3YJqYzbdyBiNsPWHPfO++UGG749Cxs6peCu5Xg4nrena6OVxOYxrQTqww0Jmwt+Ref8rggumkTLz9Q=="
  "resolved" "https://registry.npmjs.org/minimist/-/minimist-1.2.6.tgz"
  "version" "1.2.6"

"minimist@~0.0.1":
  "integrity" "sha1-3j+YVD2/lggr5IrRoMfNqDYwHc8= sha512-iotkTvxc+TwOm5Ieim8VnSNvCDjCK9S8G3scJ50ZthspSxa7jx50jkhYduuAtAjvfDUwSgOwf8+If99AlOEhyw=="
  "resolved" "https://registry.npmjs.org/minimist/-/minimist-0.0.10.tgz"
  "version" "0.0.10"

"ms@2.0.0":
  "integrity" "sha1-VgiurfwAvmwpAd9fmGF4jeDVl8g= sha512-Tpp60P6IUJDTuOq/5Z8cdskzJujfwqfOTkrwIwj7IRISpnkJnT6SyJ4PCPnGMoFjC9ddhal5KVIYtAt97ix05A=="
  "resolved" "https://registry.npmjs.org/ms/-/ms-2.0.0.tgz"
  "version" "2.0.0"

"multiparty@^3.3.2":
  "integrity" "sha1-Nd5oBNwZZD5SSfPT473GyM4wHT8= sha512-FX6dDOKzDpkrb5/+Imq+V6dmCZNnC02tMDiZfrgHSYgfQj6CVPGzOVqfbHKt/Vy4ZZsmMPXkulyLf92lCyvV7A=="
  "resolved" "https://registry.npmjs.org/multiparty/-/multiparty-3.3.2.tgz"
  "version" "3.3.2"
  dependencies:
    "readable-stream" "~1.1.9"
    "stream-counter" "~0.2.0"

"negotiator@0.6.2":
  "integrity" "sha512-hZXc7K2e+PgeI1eDBe/10Ard4ekbfrrqG8Ep+8Jmf4JID2bNg7NvCPOZN+kfF574pFQI7mum2AUqDidoKqcTOw=="
  "resolved" "https://registry.npmjs.org/negotiator/-/negotiator-0.6.2.tgz"
  "version" "0.6.2"

"object-inspect@^1.9.0":
  "integrity" "sha512-e5mCJlSH7poANfC8z8S9s9S2IN5/4Zb3aZ33f5s8YqoazCFzNLloLU8r5VCG+G7WoqLvAAZoVMcy3tp/3X0Plw=="
  "resolved" "https://registry.npmjs.org/object-inspect/-/object-inspect-1.10.3.tgz"
  "version" "1.10.3"

"on-finished@^2.1.0":
  "integrity" "sha1-IPEzZIGwg811M3mSoWlxqi2QaUc= sha512-ikqdkGAAyf/X/gPhXGvfgAytDZtDbr+bkNUJ0N9h5MI/dmdgCs3l6hoHrcUv41sRKew3jIwrp4qQDXiK99Utww=="
  "resolved" "https://registry.npmjs.org/on-finished/-/on-finished-2.3.0.tgz"
  "version" "2.3.0"
  dependencies:
    "ee-first" "1.1.1"

"only@0.0.2":
  "integrity" "sha1-Kv3oTQPlC5qO3EROMGEKcCle37Q= sha512-Fvw+Jemq5fjjyWz6CpKx6w9s7xxqo3+JCyM0WXWeCSOboZ8ABkyvP8ID4CZuChA/wxSx+XSJmdOm8rGVyJ1hdQ=="
  "resolved" "https://registry.npmjs.org/only/-/only-0.0.2.tgz"
  "version" "0.0.2"

"optimist@~0.6":
  "integrity" "sha1-2j6nRob6IaGaERwybpDrFaAZZoY= sha512-snN4O4TkigujZphWLN0E//nQmm7790RYaE53DdL7ZYwee2D8DDo9/EyYiKUfN3rneWUjhJnueija3G9I2i0h3g=="
  "resolved" "https://registry.npmjs.org/optimist/-/optimist-0.6.1.tgz"
  "version" "0.6.1"
  dependencies:
    "minimist" "~0.0.1"
    "wordwrap" "~0.0.2"

"parseurl@^1.3.0":
  "integrity" "sha512-CiyeOxFT/JZyN5m0z9PfXw4SCBJ6Sygz1Dpl0wqjlhDEGGBP1GnsUVEL0p63hoG1fcj3fHynXi9NYO4nWOL+qQ=="
  "resolved" "https://registry.npmjs.org/parseurl/-/parseurl-1.3.3.tgz"
  "version" "1.3.3"

"path-to-regexp@^1.1.1":
  "integrity" "sha512-n43JRhlUKUAlibEJhPeir1ncUID16QnEjNpwzNdO3Lm4ywrBpBZ5oLD0I6br9evr1Y9JTqwRtAh7JLoOzAQdVA=="
  "resolved" "https://registry.npmjs.org/path-to-regexp/-/path-to-regexp-1.8.0.tgz"
  "version" "1.8.0"
  dependencies:
    "isarray" "0.0.1"

"qs@^6.10.3":
  "integrity" "sha512-wr7M2E0OFRfIfJZjKGieI8lBKb7fRCH4Fv5KNPEs7gJ8jadvotdsS08PzOKR7opXhZ/Xkjtt3WF9g38drmyRqQ=="
  "resolved" "https://registry.npmjs.org/qs/-/qs-6.10.3.tgz"
  "version" "6.10.3"
  dependencies:
    "side-channel" "^1.0.4"

"qs@~2.3.3":
  "integrity" "sha1-6eha2+ddoLvkyOBHaghikPhjtAQ= sha512-f5M0HQqZWkzU8GELTY8LyMrGkr3bPjKoFtTkwUEqJQbcljbeK8M7mliP9Ia2xoOI6oMerp+QPS7oYJtpGmWe/A=="
  "resolved" "https://registry.npmjs.org/qs/-/qs-2.3.3.tgz"
  "version" "2.3.3"

"raw-body@~1.3.3":
  "integrity" "sha1-zMfd/Ea3KGHN1btDPIQLcLbyf1Q= sha512-ZC2kBq6BsR0uK441H5SvGH9H+hRpTKVRjvlI6BhLOJrih3oGbGRYdFyyKKESw4/hjzJEr4cZkQgbuU52s63MOQ=="
  "resolved" "https://registry.npmjs.org/raw-body/-/raw-body-1.3.4.tgz"
  "version" "1.3.4"
  dependencies:
    "bytes" "1.0.0"
    "iconv-lite" "0.4.8"

"readable-stream@~1.1.8", "readable-stream@~1.1.9":
  "integrity" "sha1-fPTFTvZI44EwhMY23SB54WbAgdk= sha512-+MeVjFf4L44XUkhM1eYbD8fyEsxcV81pqMSR5gblfcLCHfZvbrqy4/qYHE+/R5HoBUT11WV5O08Cr1n3YXkWVQ=="
  "resolved" "https://registry.npmjs.org/readable-stream/-/readable-stream-1.1.14.tgz"
  "version" "1.1.14"
  dependencies:
    "core-util-is" "~1.0.0"
    "inherits" "~2.0.1"
    "isarray" "0.0.1"
    "string_decoder" "~0.10.x"

"repeat-string@^1.5.2":
  "integrity" "sha1-jcrkcOHIirwtYA//Sndihtp15jc= sha512-PV0dzCYDNfRi1jCDbJzpW7jNNDRuCOG/jI5ctQcGKt/clZD+YcPS3yIlWuTJMmESC8aevCFmWJy5wjAFgNqN6w=="
  "resolved" "https://registry.npmjs.org/repeat-string/-/repeat-string-1.6.1.tgz"
  "version" "1.6.1"

"right-align@^0.1.1":
  "integrity" "sha1-YTObci/mo1FWiSENJOFMlhSGE+8= sha512-yqINtL/G7vs2v+dFIZmFUDbnVyFUJFKd6gK22Kgo6R4jfJGFtisKyncWDDULgjfqf4ASQuIQyjJ7XZ+3aWpsAg=="
  "resolved" "https://registry.npmjs.org/right-align/-/right-align-0.1.3.tgz"
  "version" "0.1.3"
  dependencies:
    "align-text" "^0.1.1"

"safe-buffer@5.1.2":
  "integrity" "sha512-Gd2UZBJDkXlY7GbJxfsE8/nvKkUEU1G38c1siN6QP6a9PT9MmHB8GnpscSmMJSoF8LOIrt8ud/wPtojys4G6+g=="
  "resolved" "https://registry.npmjs.org/safe-buffer/-/safe-buffer-5.1.2.tgz"
  "version" "5.1.2"

"setprototypeof@1.1.1":
  "integrity" "sha512-JvdAWfbXeIGaZ9cILp38HntZSFSo3mWg6xGcJJsd+d4aRMOqauag1C63dJfDw7OaMYwEbHMOxEZ1lqVRYP2OAw=="
  "resolved" "https://registry.npmjs.org/setprototypeof/-/setprototypeof-1.1.1.tgz"
  "version" "1.1.1"

"side-channel@^1.0.4":
  "integrity" "sha512-q5XPytqFEIKHkGdiMIrY10mvLRvnQh42/+GoBlFW3b2LXLE2xxJpZFdm94we0BaoV3RwJyGqg5wS7epxTv0Zvw=="
  "resolved" "https://registry.npmjs.org/side-channel/-/side-channel-1.0.4.tgz"
  "version" "1.0.4"
  dependencies:
    "call-bind" "^1.0.0"
    "get-intrinsic" "^1.0.2"
    "object-inspect" "^1.9.0"

"source-map@~0.5.1":
  "integrity" "sha1-igOdLRAh0i0eoUyA2OpGi6LvP8w= sha512-LbrmJOMUSdEVxIKvdcJzQC+nQhe8FUZQTXQy6+I75skNgn3OoQ0DZA8YnFa7gp8tqtL3KPf1kmo0R5DoApeSGQ=="
  "resolved" "https://registry.npmjs.org/source-map/-/source-map-0.5.7.tgz"
  "version" "0.5.7"

"statuses@^1.2.0", "statuses@>= 1.5.0 < 2":
  "integrity" "sha1-Fhx9rBd2Wf2YEfQ3cfqZOBR4Yow= sha512-OpZ3zP+jT1PI7I8nemJX4AKmAX070ZkYPVWV/AaKTJl+tXCTGyVdC1a4SL8RUQYEwk/f34ZX8UTykN68FwrqAA=="
  "resolved" "https://registry.npmjs.org/statuses/-/statuses-1.5.0.tgz"
  "version" "1.5.0"

"stream-counter@~0.2.0":
  "integrity" "sha1-3tJmVWMZyLDiIoErnPOyb6fZR94= sha512-GjA2zKc2iXUUKRcOxXQmhEx0Ev3XHJ6c8yWGqhQjWwhGrqNwSsvq9YlRLgoGtZ5Kx2Ln94IedaqJ5GUG6aBbxA=="
  "resolved" "https://registry.npmjs.org/stream-counter/-/stream-counter-0.2.0.tgz"
  "version" "0.2.0"
  dependencies:
    "readable-stream" "~1.1.8"

"string_decoder@~0.10.x":
  "integrity" "sha1-YuIDvEF2bGwoyfyEMB2rHFMQ+pQ= sha512-ev2QzSzWPYmy9GuqfIVildA4OdcGLeFZQrq5ys6RtiuF+RQQiZWr8TZNyAcuVXyQRYfEO+MsoB/1BuQVhOJuoQ=="
  "resolved" "https://registry.npmjs.org/string_decoder/-/string_decoder-0.10.31.tgz"
  "version" "0.10.31"

"swig-templates@^2.0.2":
  "integrity" "sha512-QojPTuZWdpznSZWZDB63/grsZuDwT/7geMeGlftbJXDoYBIZEnTcKvz4iwYDv3SwfPX9/B4RtGRSXNnm3S2wwg=="
  "resolved" "https://registry.npmjs.org/swig-templates/-/swig-templates-2.0.3.tgz"
  "version" "2.0.3"
  dependencies:
    "optimist" "~0.6"
    "uglify-js" "2.6.0"

"thenify@^3.1.0":
  "integrity" "sha1-5p44obq+lpsBCCB5eLn2K4hgSDk= sha512-ho5BRit179DQqrTnGIjO+L9vLP/zLyGk6jXn70DLD6MTUYD2FSgR2Y4qWcgca90VD54sQ7GdQ2/C765V6kPcqA=="
  "resolved" "https://registry.npmjs.org/thenify/-/thenify-3.3.0.tgz"
  "version" "3.3.0"
  dependencies:
    "any-promise" "^1.0.0"

"toidentifier@1.0.0":
  "integrity" "sha512-yaOH/Pk/VEhBWWTlhI+qXxDFXlejDGcQipMlyxda9nthulaxLZUNcUqFxokp0vcYnvteJln5FNQDRrxj3YcbVw=="
  "resolved" "https://registry.npmjs.org/toidentifier/-/toidentifier-1.0.0.tgz"
  "version" "1.0.0"

"tsscmp@1.0.6":
  "integrity" "sha512-LxhtAkPDTkVCMQjt2h6eBVY28KCjikZqZfMcC15YBeNjkgUpdCfBu5HoiOTDu86v6smE8yOjyEktJ8hlbANHQA=="
  "resolved" "https://registry.npmjs.org/tsscmp/-/tsscmp-1.0.6.tgz"
  "version" "1.0.6"

"type-is@^1.5.5":
  "integrity" "sha512-TkRKr9sUTxEH8MdfuCSP7VizJyzRNMjj2J2do2Jr3Kym598JVdEksuzPQCnlFPW4ky9Q+iA+ma9BGm06XQBy8g=="
  "resolved" "https://registry.npmjs.org/type-is/-/type-is-1.6.18.tgz"
  "version" "1.6.18"
  dependencies:
    "media-typer" "0.3.0"
    "mime-types" "~2.1.24"

"uglify-js@2.6.0":
  "integrity" "sha1-JeqhzDVQ45QQzu+v0c+7a20V8AE= sha512-SYZzhZQRrlAc6QT3Eqz4WHuyrCLjvvKmfII/of82rVACMxsIwb/CqlZVbUwOIq8Xd1EMp2WTtCrIxFYF+779zw=="
  "resolved" "https://registry.npmjs.org/uglify-js/-/uglify-js-2.6.0.tgz"
  "version" "2.6.0"
  dependencies:
    "async" "~0.2.6"
    "source-map" "~0.5.1"
    "uglify-to-browserify" "~1.0.0"
    "yargs" "~3.10.0"

"uglify-to-browserify@~1.0.0":
  "integrity" "sha1-bgkk1r2mta/jSeOabWMoUKD4grc= sha512-vb2s1lYx2xBtUgy+ta+b2J/GLVUR+wmpINwHePmPRhOsIVCG2wDzKJ0n14GslH1BifsqVzSOwQhRaCAsZ/nI4Q=="
  "resolved" "https://registry.npmjs.org/uglify-to-browserify/-/uglify-to-browserify-1.0.2.tgz"
  "version" "1.0.2"

"utils-merge@^1.0.0":
  "integrity" "sha1-n5VxD1CiZ5R7LMwSR0HBAoQn5xM= sha512-pMZTvIkT1d+TFGvDOqodOclx0QWkkgi6Tdoa8gC8ffGAAqz9pzPTZWAybbsHHoED/ztMtkv/VoYTYyShUn81hA=="
  "resolved" "https://registry.npmjs.org/utils-merge/-/utils-merge-1.0.1.tgz"
  "version" "1.0.1"

"vary@^1.0.0":
  "integrity" "sha1-IpnwLG3tMNSllhsLn3RSShj2NPw= sha512-BNGbWLfd0eUPabhkXUVm0j8uuvREyTh5ovRa/dyow/BqAbZJyC+5fU+IzQOzmAKzYqYRAISoRhdQr3eIZ/PXqg=="
  "resolved" "https://registry.npmjs.org/vary/-/vary-1.1.2.tgz"
  "version" "1.1.2"

"window-size@0.1.0":
  "integrity" "sha1-VDjNLqk7IC76Ohn+iIeu58lPnJ0= sha512-1pTPQDKTdd61ozlKGNCjhNRd+KPmgLSGa3mZTHoOliaGcESD8G1PXhh7c1fgiPjVbNVfgy2Faw4BI8/m0cC8Mg=="
  "resolved" "https://registry.npmjs.org/window-size/-/window-size-0.1.0.tgz"
  "version" "0.1.0"

"wordwrap@~0.0.2":
  "integrity" "sha1-o9XabNXAvAAI03I0u68b7WMFkQc= sha512-1tMA907+V4QmxV7dbRvb4/8MaRALK6q9Abid3ndMYnbyo8piisCmeONVqVSXqQA3KaP4SLt5b7ud6E2sqP8TFw=="
  "resolved" "https://registry.npmjs.org/wordwrap/-/wordwrap-0.0.3.tgz"
  "version" "0.0.3"

"wordwrap@0.0.2":
  "integrity" "sha1-t5Zpu0LstAn4PVg8rVLKF+qhZD8= sha512-xSBsCeh+g+dinoBv3GAOWM4LcVVO68wLXRanibtBSdUvkGWQRGeE9P7IwU9EmDDi4jA6L44lz15CGMwdw9N5+Q=="
  "resolved" "https://registry.npmjs.org/wordwrap/-/wordwrap-0.0.2.tgz"
  "version" "0.0.2"

"xml-parser@^1.0.0":
  "integrity" "sha1-wx9MNPKXXbgq0BMiISBZJzYVb80= sha512-lPUzzmS0zdwcNtyNndCl2IwH172ozkUDqmfmH3FcuDzHVl552Kr6oNfsvteHabqTWhsrMgpijqZ/yT7Wo1/Pzw=="
  "resolved" "https://registry.npmjs.org/xml-parser/-/xml-parser-1.2.1.tgz"
  "version" "1.2.1"
  dependencies:
    "debug" "^2.2.0"

"yargs@~3.10.0":
  "integrity" "sha1-9+572FfdfB0tOMDnTvvWgdFDH9E= sha512-QFzUah88GAGy9lyDKGBqZdkYApt63rCXYBGYnEP4xDJPXNqXXnBDACnbrXnViV6jRSqAePwrATi2i8mfYm4L1A=="
  "resolved" "https://registry.npmjs.org/yargs/-/yargs-3.10.0.tgz"
  "version" "3.10.0"
  dependencies:
    "camelcase" "^1.0.2"
    "cliui" "^2.1.0"
    "decamelize" "^1.0.0"
    "window-size" "0.1.0"
